
Microsoft Visual Studio Solution File, Format Version 12.00
# Visual Studio Version 16
VisualStudioVersion = 16.0.30517.126
MinimumVisualStudioVersion = 10.0.40219.1
Project("{FAE04EC0-301F-11D3-BF4B-00C04F79EFBC}") = "AutoRepairShop", "AutoRepairShop\AutoRepairShop.csproj", "{3EDA618C-7226-4EBA-AA45-2080D7AF9B1E}"
EndProject
Project("{FAE04EC0-301F-11D3-BF4B-00C04F79EFBC}") = "WEBTest", "WEBTest\WEBTest.csproj", "{1A1E9CFA-77ED-4740-946E-34B53E25E068}"
EndProject
Global
	GlobalSection(SolutionConfigurationPlatforms) = preSolution
		Debug|Any CPU = Debug|Any CPU
		Release|Any CPU = Release|Any CPU
	EndGlobalSection
	GlobalSection(ProjectConfigurationPlatforms) = postSolution
		{3EDA618C-7226-4EBA-AA45-2080D7AF9B1E}.Debug|Any CPU.ActiveCfg = Debug|Any CPU
		{3EDA618C-7226-4EBA-AA45-2080D7AF9B1E}.Debug|Any CPU.Build.0 = Debug|Any CPU
		{3EDA618C-7226-4EBA-AA45-2080D7AF9B1E}.Release|Any CPU.ActiveCfg = Release|Any CPU
		{3EDA618C-7226-4EBA-AA45-2080D7AF9B1E}.Release|Any CPU.Build.0 = Release|Any CPU
		{1A1E9CFA-77ED-4740-946E-34B53E25E068}.Debug|Any CPU.ActiveCfg = Debug|Any CPU
		{1A1E9CFA-77ED-4740-946E-34B53E25E068}.Debug|Any CPU.Build.0 = Debug|Any CPU
		{1A1E9CFA-77ED-4740-946E-34B53E25E068}.Release|Any CPU.ActiveCfg = Release|Any CPU
		{1A1E9CFA-77ED-4740-946E-34B53E25E068}.Release|Any CPU.Build.0 = Release|Any CPU
	EndGlobalSection
	GlobalSection(SolutionProperties) = preSolution
		HideSolutionNode = FALSE
	EndGlobalSection
	GlobalSection(ExtensibilityGlobals) = postSolution
		SolutionGuid = {52F1F65A-69D1-47C2-9532-8EA3D6C682AE}
	EndGlobalSection
EndGlobal
